
Microsoft Visual Studio Solution File, Format Version 12.00
# Visual Studio 15
VisualStudioVersion = 15.0.28307.539
MinimumVisualStudioVersion = 10.0.40219.1
Project("{FAE04EC0-301F-11D3-BF4B-00C04F79EFBC}") = "NUCrawler", "TUF\NUCrawler.csproj", "{A083CDF4-6907-44A1-8F83-EDDDDA052198}"
EndProject
Global
	GlobalSection(SolutionConfigurationPlatforms) = preSolution
		Debug|Any CPU = Debug|Any CPU
		Release|Any CPU = Release|Any CPU
	EndGlobalSection
	GlobalSection(ProjectConfigurationPlatforms) = postSolution
		{A083CDF4-6907-44A1-8F83-EDDDDA052198}.Debug|Any CPU.ActiveCfg = Debug|Any CPU
		{A083CDF4-6907-44A1-8F83-EDDDDA052198}.Debug|Any CPU.Build.0 = Debug|Any CPU
		{A083CDF4-6907-44A1-8F83-EDDDDA052198}.Release|Any CPU.ActiveCfg = Release|Any CPU
		{A083CDF4-6907-44A1-8F83-EDDDDA052198}.Release|Any CPU.Build.0 = Release|Any CPU
	EndGlobalSection
	GlobalSection(SolutionProperties) = preSolution
		HideSolutionNode = FALSE
	EndGlobalSection
	GlobalSection(ExtensibilityGlobals) = postSolution
		SolutionGuid = {5F88AC41-D2F6-41E3-9B2C-EE36050F98DF}
	EndGlobalSection
EndGlobal
